
Microsoft Visual Studio Solution File, Format Version 12.00
# Visual Studio Version 17
VisualStudioVersion = 17.6.33829.357
MinimumVisualStudioVersion = 10.0.40219.1
Project("{9A19103F-16F7-4668-BE54-9A1E7A4F7556}") = "Retetar", "Retetar.csproj", "{9328108C-9C8C-4DAB-93CF-BFC2F16BC2A7}"
EndProject
Project("{9A19103F-16F7-4668-BE54-9A1E7A4F7556}") = "MLModel_WebApi1", "..\MLModel_WebApi1\MLModel_WebApi1.csproj", "{036FB558-573D-4331-B412-9BCA9D2C177D}"
EndProject
Global
	GlobalSection(SolutionConfigurationPlatforms) = preSolution
		Debug|Any CPU = Debug|Any CPU
		Release|Any CPU = Release|Any CPU
	EndGlobalSection
	GlobalSection(ProjectConfigurationPlatforms) = postSolution
		{9328108C-9C8C-4DAB-93CF-BFC2F16BC2A7}.Debug|Any CPU.ActiveCfg = Debug|Any CPU
		{9328108C-9C8C-4DAB-93CF-BFC2F16BC2A7}.Debug|Any CPU.Build.0 = Debug|Any CPU
		{9328108C-9C8C-4DAB-93CF-BFC2F16BC2A7}.Release|Any CPU.ActiveCfg = Release|Any CPU
		{9328108C-9C8C-4DAB-93CF-BFC2F16BC2A7}.Release|Any CPU.Build.0 = Release|Any CPU
		{036FB558-573D-4331-B412-9BCA9D2C177D}.Debug|Any CPU.ActiveCfg = Debug|Any CPU
		{036FB558-573D-4331-B412-9BCA9D2C177D}.Debug|Any CPU.Build.0 = Debug|Any CPU
		{036FB558-573D-4331-B412-9BCA9D2C177D}.Release|Any CPU.ActiveCfg = Release|Any CPU
		{036FB558-573D-4331-B412-9BCA9D2C177D}.Release|Any CPU.Build.0 = Release|Any CPU
	EndGlobalSection
	GlobalSection(SolutionProperties) = preSolution
		HideSolutionNode = FALSE
	EndGlobalSection
	GlobalSection(ExtensibilityGlobals) = postSolution
		SolutionGuid = {4DD118B5-77DF-4905-9BF3-CB71D19D61F1}
	EndGlobalSection
EndGlobal
